PODS:
  - CardIO (5.4.1)
  - PayPal-iOS-SDK (2.18.0):
    - PayPal-iOS-SDK/CardIO (= 2.18.0)
    - PayPal-iOS-SDK/Core (= 2.18.0)
  - PayPal-iOS-SDK/CardIO (2.18.0):
    - CardIO (~> 5.4.1)
  - PayPal-iOS-SDK/Core (2.18.0)

DEPENDENCIES:
  - PayPal-iOS-SDK

SPEC CHECKSUMS:
  CardIO: 56983b39b62f495fc6dae9ad7cf875143df06443
  PayPal-iOS-SDK: 3fc74982a68d54eeaf39e09f507f279dc2291860

PODFILE CHECKSUM: d9c161984a2a5d485f9119d6d2fef64d92439f3e

COCOAPODS: 1.3.1
